
Microsoft Visual Studio Solution File, Format Version 12.00
# Visual Studio 2013
VisualStudioVersion = 12.0.40629.0
MinimumVisualStudioVersion = 10.0.40219.1
Project("{FAE04EC0-301F-11D3-BF4B-00C04F79EFBC}") = "dp2MServer", "dp2MServer\dp2MServer.csproj", "{946F6F11-C4F6-4370-894B-4907D5A2008F}"
EndProject
Project("{FAE04EC0-301F-11D3-BF4B-00C04F79EFBC}") = "MessageWeb", "MessageWeb\MessageWeb.csproj", "{519A6EEB-F873-4410-AD01-85C179DE08F7}"
EndProject
Project("{FAE04EC0-301F-11D3-BF4B-00C04F79EFBC}") = "DigitalPlatform.MessageServer", "DigitalPlatform.MessageServer\DigitalPlatform.MessageServer.csproj", "{9565E12A-5D62-4EB1-A265-0559B9D46334}"
EndProject
Project("{FAE04EC0-301F-11D3-BF4B-00C04F79EFBC}") = "DigitalPlatform.MessageClient", "DigitalPlatform.MessageClient\DigitalPlatform.MessageClient.csproj", "{E4B339D9-4843-40F1-A404-33043ADCD6A3}"
EndProject
Project("{FAE04EC0-301F-11D3-BF4B-00C04F79EFBC}") = "DigitalPlatform.Message", "DigitalPlatform.Message\DigitalPlatform.Message.csproj", "{2FBB1294-0814-447D-B8C6-77E206417231}"
EndProject
Project("{FAE04EC0-301F-11D3-BF4B-00C04F79EFBC}") = "TestClient1", "TestClient1\TestClient1.csproj", "{E985D9C5-30BD-4D12-96C2-220839DFEF0A}"
EndProject
Project("{FAE04EC0-301F-11D3-BF4B-00C04F79EFBC}") = "DigitalPlatform.Xml", "DigitalPlatform.Xml\DigitalPlatform.Xml.csproj", "{A62F763A-96EE-43AD-80C5-9CE57ECFEAF4}"
EndProject
Project("{FAE04EC0-301F-11D3-BF4B-00C04F79EFBC}") = "DigitalPlatform.Forms", "DigitalPlatform.Forms\DigitalPlatform.Forms.csproj", "{2DD0618D-C554-46D0-91A2-353F2F8EA2F2}"
EndProject
Project("{FAE04EC0-301F-11D3-BF4B-00C04F79EFBC}") = "DigitalPlatform.Text", "DigitalPlatform.Text\DigitalPlatform.Text.csproj", "{EEB5253B-AB62-4D06-896E-8F17E3FFD215}"
EndProject
Project("{FAE04EC0-301F-11D3-BF4B-00C04F79EFBC}") = "WebWeiXinToGZH", "WebWeiXinToGZH\WebWeiXinToGZH.csproj", "{5F90CC4A-C68A-489F-8CE2-44CAF5B59B23}"
EndProject
Project("{FAE04EC0-301F-11D3-BF4B-00C04F79EFBC}") = "DigitalPlatform.IO", "DigitalPlatform.IO\DigitalPlatform.IO.csproj", "{441CB814-AF78-4503-91EF-DCE5F3269502}"
EndProject
Project("{FAE04EC0-301F-11D3-BF4B-00C04F79EFBC}") = "DigitalPlatform.LibraryRestClient", "DigitalPlatform.LibraryRestClient\DigitalPlatform.LibraryRestClient.csproj", "{1B74D69A-530F-4275-845B-8CA6D1463BDD}"
EndProject
Project("{FAE04EC0-301F-11D3-BF4B-00C04F79EFBC}") = "dp2Command.Service", "dp2Command.Server\dp2Command.Service.csproj", "{A77B8A4A-3AE8-4BD7-B09A-BF8D92FE802D}"
EndProject
Project("{FAE04EC0-301F-11D3-BF4B-00C04F79EFBC}") = "dp2CommandConsole", "dp2CommandConsole\dp2CommandConsole.csproj", "{AA0ADD05-854B-43F9-8C57-9A8768C7A564}"
EndProject
Project("{FAE04EC0-301F-11D3-BF4B-00C04F79EFBC}") = "dp2weixin", "dp2weixin\dp2weixin.csproj", "{2BD6F79E-A776-4A08-B972-C61F70F78BD5}"
EndProject
Project("{FAE04EC0-301F-11D3-BF4B-00C04F79EFBC}") = "ilovelibrary", "ilovelibrary\ilovelibrary.csproj", "{7C31EA17-404D-4CE6-8401-71808BEB5883}"
EndProject
Project("{FAE04EC0-301F-11D3-BF4B-00C04F79EFBC}") = "ilovelibrary.Server", "ilovelibrary.Server\ilovelibrary.Server.csproj", "{159E08AE-5C0F-4DA7-9F73-AF07791247CE}"
EndProject
Project("{FAE04EC0-301F-11D3-BF4B-00C04F79EFBC}") = "TestClient2", "TestClient2\TestClient2.csproj", "{48F1070C-14AC-450F-AD7F-56105FE332E4}"
EndProject
Project("{FAE04EC0-301F-11D3-BF4B-00C04F79EFBC}") = "DigitalPlatform.Common", "DigitalPlatform.Common\DigitalPlatform.Common.csproj", "{56EB94FD-45D0-4C82-AE8E-D398F1C4EFCF}"
EndProject
Project("{FAE04EC0-301F-11D3-BF4B-00C04F79EFBC}") = "DigitalPlatform.MarcQuery", "DigitalPlatform.MarcQuery\DigitalPlatform.MarcQuery.csproj", "{57FE2FB1-4134-409B-876C-8A1C0776B498}"
EndProject
Project("{FAE04EC0-301F-11D3-BF4B-00C04F79EFBC}") = "DigitalPlatform.MarcKernel", "DigitalPlatform.MarcKernel\DigitalPlatform.MarcKernel.csproj", "{74242530-EF96-457E-852D-5C21A3EA8449}"
EndProject
Project("{FAE04EC0-301F-11D3-BF4B-00C04F79EFBC}") = "dp2Capo", "dp2Capo\dp2Capo.csproj", "{CAFC4E2D-7555-416D-AA74-2399676A4E86}"
EndProject
Project("{FAE04EC0-301F-11D3-BF4B-00C04F79EFBC}") = "DigitalPlatform.LibraryClient", "DigitalPlatform.LibraryClient\DigitalPlatform.LibraryClient.csproj", "{CFF3DDAB-E444-4A73-AAB2-BEE66EA510CC}"
EndProject
Project("{FAE04EC0-301F-11D3-BF4B-00C04F79EFBC}") = "DigitalPlatform.ServiceProcess", "DigitalPlatform.ServiceProcess\DigitalPlatform.ServiceProcess.csproj", "{696B2B7F-D5F6-47AE-8113-C0CD27FAD21E}"
EndProject
Project("{FAE04EC0-301F-11D3-BF4B-00C04F79EFBC}") = "dp2weixinP2P", "dp2weixinP2P\dp2weixinP2P.csproj", "{95CB7353-995B-4B82-8DFF-41C0133FFF78}"
EndProject
Project("{FAE04EC0-301F-11D3-BF4B-00C04F79EFBC}") = "dp2weixin.service", "dp2weixin.service\dp2weixin.service.csproj", "{50E36C13-A3DE-4638-BE87-E5E254EEC386}"
EndProject
Project("{FAE04EC0-301F-11D3-BF4B-00C04F79EFBC}") = "dp2Messenger", "dp2Messenger\dp2Messenger.csproj", "{B77F9A60-ECD4-46AE-9444-49CC654A173A}"
EndProject
Global
	GlobalSection(SolutionConfigurationPlatforms) = preSolution
		Debug|Any CPU = Debug|Any CPU
		Debug|x86 = Debug|x86
		Release|Any CPU = Release|Any CPU
		Release|x86 = Release|x86
	EndGlobalSection
	GlobalSection(ProjectConfigurationPlatforms) = postSolution
		{946F6F11-C4F6-4370-894B-4907D5A2008F}.Debug|Any CPU.ActiveCfg = Debug|Any CPU
		{946F6F11-C4F6-4370-894B-4907D5A2008F}.Debug|Any CPU.Build.0 = Debug|Any CPU
		{946F6F11-C4F6-4370-894B-4907D5A2008F}.Debug|x86.ActiveCfg = Debug|Any CPU
		{946F6F11-C4F6-4370-894B-4907D5A2008F}.Release|Any CPU.ActiveCfg = Release|Any CPU
		{946F6F11-C4F6-4370-894B-4907D5A2008F}.Release|Any CPU.Build.0 = Release|Any CPU
		{946F6F11-C4F6-4370-894B-4907D5A2008F}.Release|x86.ActiveCfg = Release|Any CPU
		{519A6EEB-F873-4410-AD01-85C179DE08F7}.Debug|Any CPU.ActiveCfg = Debug|Any CPU
		{519A6EEB-F873-4410-AD01-85C179DE08F7}.Debug|Any CPU.Build.0 = Debug|Any CPU
		{519A6EEB-F873-4410-AD01-85C179DE08F7}.Debug|x86.ActiveCfg = Debug|Any CPU
		{519A6EEB-F873-4410-AD01-85C179DE08F7}.Release|Any CPU.ActiveCfg = Release|Any CPU
		{519A6EEB-F873-4410-AD01-85C179DE08F7}.Release|Any CPU.Build.0 = Release|Any CPU
		{519A6EEB-F873-4410-AD01-85C179DE08F7}.Release|x86.ActiveCfg = Release|Any CPU
		{9565E12A-5D62-4EB1-A265-0559B9D46334}.Debug|Any CPU.ActiveCfg = Debug|Any CPU
		{9565E12A-5D62-4EB1-A265-0559B9D46334}.Debug|Any CPU.Build.0 = Debug|Any CPU
		{9565E12A-5D62-4EB1-A265-0559B9D46334}.Debug|x86.ActiveCfg = Debug|Any CPU
		{9565E12A-5D62-4EB1-A265-0559B9D46334}.Release|Any CPU.ActiveCfg = Release|Any CPU
		{9565E12A-5D62-4EB1-A265-0559B9D46334}.Release|Any CPU.Build.0 = Release|Any CPU
		{9565E12A-5D62-4EB1-A265-0559B9D46334}.Release|x86.ActiveCfg = Release|Any CPU
		{E4B339D9-4843-40F1-A404-33043ADCD6A3}.Debug|Any CPU.ActiveCfg = Debug|Any CPU
		{E4B339D9-4843-40F1-A404-33043ADCD6A3}.Debug|Any CPU.Build.0 = Debug|Any CPU
		{E4B339D9-4843-40F1-A404-33043ADCD6A3}.Debug|x86.ActiveCfg = Debug|Any CPU
		{E4B339D9-4843-40F1-A404-33043ADCD6A3}.Release|Any CPU.ActiveCfg = Release|Any CPU
		{E4B339D9-4843-40F1-A404-33043ADCD6A3}.Release|Any CPU.Build.0 = Release|Any CPU
		{E4B339D9-4843-40F1-A404-33043ADCD6A3}.Release|x86.ActiveCfg = Release|Any CPU
		{2FBB1294-0814-447D-B8C6-77E206417231}.Debug|Any CPU.ActiveCfg = Debug|Any CPU
		{2FBB1294-0814-447D-B8C6-77E206417231}.Debug|Any CPU.Build.0 = Debug|Any CPU
		{2FBB1294-0814-447D-B8C6-77E206417231}.Debug|x86.ActiveCfg = Debug|Any CPU
		{2FBB1294-0814-447D-B8C6-77E206417231}.Release|Any CPU.ActiveCfg = Release|Any CPU
		{2FBB1294-0814-447D-B8C6-77E206417231}.Release|Any CPU.Build.0 = Release|Any CPU
		{2FBB1294-0814-447D-B8C6-77E206417231}.Release|x86.ActiveCfg = Release|Any CPU
		{E985D9C5-30BD-4D12-96C2-220839DFEF0A}.Debug|Any CPU.ActiveCfg = Debug|Any CPU
		{E985D9C5-30BD-4D12-96C2-220839DFEF0A}.Debug|Any CPU.Build.0 = Debug|Any CPU
		{E985D9C5-30BD-4D12-96C2-220839DFEF0A}.Debug|x86.ActiveCfg = Debug|Any CPU
		{E985D9C5-30BD-4D12-96C2-220839DFEF0A}.Release|Any CPU.ActiveCfg = Release|Any CPU
		{E985D9C5-30BD-4D12-96C2-220839DFEF0A}.Release|Any CPU.Build.0 = Release|Any CPU
		{E985D9C5-30BD-4D12-96C2-220839DFEF0A}.Release|x86.ActiveCfg = Release|Any CPU
		{A62F763A-96EE-43AD-80C5-9CE57ECFEAF4}.Debug|Any CPU.ActiveCfg = Debug|Any CPU
		{A62F763A-96EE-43AD-80C5-9CE57ECFEAF4}.Debug|Any CPU.Build.0 = Debug|Any CPU
		{A62F763A-96EE-43AD-80C5-9CE57ECFEAF4}.Debug|x86.ActiveCfg = Debug|Any CPU
		{A62F763A-96EE-43AD-80C5-9CE57ECFEAF4}.Release|Any CPU.ActiveCfg = Release|Any CPU
		{A62F763A-96EE-43AD-80C5-9CE57ECFEAF4}.Release|Any CPU.Build.0 = Release|Any CPU
		{A62F763A-96EE-43AD-80C5-9CE57ECFEAF4}.Release|x86.ActiveCfg = Release|Any CPU
		{2DD0618D-C554-46D0-91A2-353F2F8EA2F2}.Debug|Any CPU.ActiveCfg = Debug|Any CPU
		{2DD0618D-C554-46D0-91A2-353F2F8EA2F2}.Debug|Any CPU.Build.0 = Debug|Any CPU
		{2DD0618D-C554-46D0-91A2-353F2F8EA2F2}.Debug|x86.ActiveCfg = Debug|Any CPU
		{2DD0618D-C554-46D0-91A2-353F2F8EA2F2}.Release|Any CPU.ActiveCfg = Release|Any CPU
		{2DD0618D-C554-46D0-91A2-353F2F8EA2F2}.Release|Any CPU.Build.0 = Release|Any CPU
		{2DD0618D-C554-46D0-91A2-353F2F8EA2F2}.Release|x86.ActiveCfg = Release|Any CPU
		{EEB5253B-AB62-4D06-896E-8F17E3FFD215}.Debug|Any CPU.ActiveCfg = Debug|Any CPU
		{EEB5253B-AB62-4D06-896E-8F17E3FFD215}.Debug|Any CPU.Build.0 = Debug|Any CPU
		{EEB5253B-AB62-4D06-896E-8F17E3FFD215}.Debug|x86.ActiveCfg = Debug|Any CPU
		{EEB5253B-AB62-4D06-896E-8F17E3FFD215}.Release|Any CPU.ActiveCfg = Release|Any CPU
		{EEB5253B-AB62-4D06-896E-8F17E3FFD215}.Release|Any CPU.Build.0 = Release|Any CPU
		{EEB5253B-AB62-4D06-896E-8F17E3FFD215}.Release|x86.ActiveCfg = Release|Any CPU
		{5F90CC4A-C68A-489F-8CE2-44CAF5B59B23}.Debug|Any CPU.ActiveCfg = Debug|Any CPU
		{5F90CC4A-C68A-489F-8CE2-44CAF5B59B23}.Debug|Any CPU.Build.0 = Debug|Any CPU
		{5F90CC4A-C68A-489F-8CE2-44CAF5B59B23}.Debug|x86.ActiveCfg = Debug|Any CPU
		{5F90CC4A-C68A-489F-8CE2-44CAF5B59B23}.Release|Any CPU.ActiveCfg = Release|Any CPU
		{5F90CC4A-C68A-489F-8CE2-44CAF5B59B23}.Release|Any CPU.Build.0 = Release|Any CPU
		{5F90CC4A-C68A-489F-8CE2-44CAF5B59B23}.Release|x86.ActiveCfg = Release|Any CPU
		{441CB814-AF78-4503-91EF-DCE5F3269502}.Debug|Any CPU.ActiveCfg = Debug|Any CPU
		{441CB814-AF78-4503-91EF-DCE5F3269502}.Debug|Any CPU.Build.0 = Debug|Any CPU
		{441CB814-AF78-4503-91EF-DCE5F3269502}.Debug|x86.ActiveCfg = Debug|x86
		{441CB814-AF78-4503-91EF-DCE5F3269502}.Debug|x86.Build.0 = Debug|x86
		{441CB814-AF78-4503-91EF-DCE5F3269502}.Release|Any CPU.ActiveCfg = Release|Any CPU
		{441CB814-AF78-4503-91EF-DCE5F3269502}.Release|Any CPU.Build.0 = Release|Any CPU
		{441CB814-AF78-4503-91EF-DCE5F3269502}.Release|x86.ActiveCfg = Release|x86
		{441CB814-AF78-4503-91EF-DCE5F3269502}.Release|x86.Build.0 = Release|x86
		{1B74D69A-530F-4275-845B-8CA6D1463BDD}.Debug|Any CPU.ActiveCfg = Debug|Any CPU
		{1B74D69A-530F-4275-845B-8CA6D1463BDD}.Debug|Any CPU.Build.0 = Debug|Any CPU
		{1B74D69A-530F-4275-845B-8CA6D1463BDD}.Debug|x86.ActiveCfg = Debug|Any CPU
		{1B74D69A-530F-4275-845B-8CA6D1463BDD}.Release|Any CPU.ActiveCfg = Release|Any CPU
		{1B74D69A-530F-4275-845B-8CA6D1463BDD}.Release|Any CPU.Build.0 = Release|Any CPU
		{1B74D69A-530F-4275-845B-8CA6D1463BDD}.Release|x86.ActiveCfg = Release|Any CPU
		{A77B8A4A-3AE8-4BD7-B09A-BF8D92FE802D}.Debug|Any CPU.ActiveCfg = Debug|Any CPU
		{A77B8A4A-3AE8-4BD7-B09A-BF8D92FE802D}.Debug|Any CPU.Build.0 = Debug|Any CPU
		{A77B8A4A-3AE8-4BD7-B09A-BF8D92FE802D}.Debug|x86.ActiveCfg = Debug|Any CPU
		{A77B8A4A-3AE8-4BD7-B09A-BF8D92FE802D}.Release|Any CPU.ActiveCfg = Release|Any CPU
		{A77B8A4A-3AE8-4BD7-B09A-BF8D92FE802D}.Release|Any CPU.Build.0 = Release|Any CPU
		{A77B8A4A-3AE8-4BD7-B09A-BF8D92FE802D}.Release|x86.ActiveCfg = Release|Any CPU
		{AA0ADD05-854B-43F9-8C57-9A8768C7A564}.Debug|Any CPU.ActiveCfg = Debug|Any CPU
		{AA0ADD05-854B-43F9-8C57-9A8768C7A564}.Debug|Any CPU.Build.0 = Debug|Any CPU
		{AA0ADD05-854B-43F9-8C57-9A8768C7A564}.Debug|x86.ActiveCfg = Debug|Any CPU
		{AA0ADD05-854B-43F9-8C57-9A8768C7A564}.Release|Any CPU.ActiveCfg = Release|Any CPU
		{AA0ADD05-854B-43F9-8C57-9A8768C7A564}.Release|Any CPU.Build.0 = Release|Any CPU
		{AA0ADD05-854B-43F9-8C57-9A8768C7A564}.Release|x86.ActiveCfg = Release|Any CPU
		{2BD6F79E-A776-4A08-B972-C61F70F78BD5}.Debug|Any CPU.ActiveCfg = Debug|Any CPU
		{2BD6F79E-A776-4A08-B972-C61F70F78BD5}.Debug|Any CPU.Build.0 = Debug|Any CPU
		{2BD6F79E-A776-4A08-B972-C61F70F78BD5}.Debug|x86.ActiveCfg = Debug|Any CPU
		{2BD6F79E-A776-4A08-B972-C61F70F78BD5}.Release|Any CPU.ActiveCfg = Release|Any CPU
		{2BD6F79E-A776-4A08-B972-C61F70F78BD5}.Release|Any CPU.Build.0 = Release|Any CPU
		{2BD6F79E-A776-4A08-B972-C61F70F78BD5}.Release|x86.ActiveCfg = Release|Any CPU
		{7C31EA17-404D-4CE6-8401-71808BEB5883}.Debug|Any CPU.ActiveCfg = Debug|Any CPU
		{7C31EA17-404D-4CE6-8401-71808BEB5883}.Debug|Any CPU.Build.0 = Debug|Any CPU
		{7C31EA17-404D-4CE6-8401-71808BEB5883}.Debug|x86.ActiveCfg = Debug|Any CPU
		{7C31EA17-404D-4CE6-8401-71808BEB5883}.Release|Any CPU.ActiveCfg = Release|Any CPU
		{7C31EA17-404D-4CE6-8401-71808BEB5883}.Release|Any CPU.Build.0 = Release|Any CPU
		{7C31EA17-404D-4CE6-8401-71808BEB5883}.Release|x86.ActiveCfg = Release|Any CPU
		{159E08AE-5C0F-4DA7-9F73-AF07791247CE}.Debug|Any CPU.ActiveCfg = Debug|Any CPU
		{159E08AE-5C0F-4DA7-9F73-AF07791247CE}.Debug|Any CPU.Build.0 = Debug|Any CPU
		{159E08AE-5C0F-4DA7-9F73-AF07791247CE}.Debug|x86.ActiveCfg = Debug|Any CPU
		{159E08AE-5C0F-4DA7-9F73-AF07791247CE}.Release|Any CPU.ActiveCfg = Release|Any CPU
		{159E08AE-5C0F-4DA7-9F73-AF07791247CE}.Release|Any CPU.Build.0 = Release|Any CPU
		{159E08AE-5C0F-4DA7-9F73-AF07791247CE}.Release|x86.ActiveCfg = Release|Any CPU
		{48F1070C-14AC-450F-AD7F-56105FE332E4}.Debug|Any CPU.ActiveCfg = Debug|Any CPU
		{48F1070C-14AC-450F-AD7F-56105FE332E4}.Debug|Any CPU.Build.0 = Debug|Any CPU
		{48F1070C-14AC-450F-AD7F-56105FE332E4}.Debug|x86.ActiveCfg = Debug|Any CPU
		{48F1070C-14AC-450F-AD7F-56105FE332E4}.Release|Any CPU.ActiveCfg = Release|Any CPU
		{48F1070C-14AC-450F-AD7F-56105FE332E4}.Release|Any CPU.Build.0 = Release|Any CPU
		{48F1070C-14AC-450F-AD7F-56105FE332E4}.Release|x86.ActiveCfg = Release|Any CPU
		{56EB94FD-45D0-4C82-AE8E-D398F1C4EFCF}.Debug|Any CPU.ActiveCfg = Debug|Any CPU
		{56EB94FD-45D0-4C82-AE8E-D398F1C4EFCF}.Debug|Any CPU.Build.0 = Debug|Any CPU
		{56EB94FD-45D0-4C82-AE8E-D398F1C4EFCF}.Debug|x86.ActiveCfg = Debug|Any CPU
		{56EB94FD-45D0-4C82-AE8E-D398F1C4EFCF}.Release|Any CPU.ActiveCfg = Release|Any CPU
		{56EB94FD-45D0-4C82-AE8E-D398F1C4EFCF}.Release|Any CPU.Build.0 = Release|Any CPU
		{56EB94FD-45D0-4C82-AE8E-D398F1C4EFCF}.Release|x86.ActiveCfg = Release|Any CPU
		{57FE2FB1-4134-409B-876C-8A1C0776B498}.Debug|Any CPU.ActiveCfg = Debug|Any CPU
		{57FE2FB1-4134-409B-876C-8A1C0776B498}.Debug|Any CPU.Build.0 = Debug|Any CPU
		{57FE2FB1-4134-409B-876C-8A1C0776B498}.Debug|x86.ActiveCfg = Debug|Any CPU
		{57FE2FB1-4134-409B-876C-8A1C0776B498}.Release|Any CPU.ActiveCfg = Release|Any CPU
		{57FE2FB1-4134-409B-876C-8A1C0776B498}.Release|Any CPU.Build.0 = Release|Any CPU
		{57FE2FB1-4134-409B-876C-8A1C0776B498}.Release|x86.ActiveCfg = Release|Any CPU
		{74242530-EF96-457E-852D-5C21A3EA8449}.Debug|Any CPU.ActiveCfg = Debug|Any CPU
		{74242530-EF96-457E-852D-5C21A3EA8449}.Debug|Any CPU.Build.0 = Debug|Any CPU
		{74242530-EF96-457E-852D-5C21A3EA8449}.Debug|x86.ActiveCfg = Debug|x86
		{74242530-EF96-457E-852D-5C21A3EA8449}.Debug|x86.Build.0 = Debug|x86
		{74242530-EF96-457E-852D-5C21A3EA8449}.Release|Any CPU.ActiveCfg = Release|Any CPU
		{74242530-EF96-457E-852D-5C21A3EA8449}.Release|Any CPU.Build.0 = Release|Any CPU
		{74242530-EF96-457E-852D-5C21A3EA8449}.Release|x86.ActiveCfg = Release|x86
		{74242530-EF96-457E-852D-5C21A3EA8449}.Release|x86.Build.0 = Release|x86
		{CAFC4E2D-7555-416D-AA74-2399676A4E86}.Debug|Any CPU.ActiveCfg = Debug|Any CPU
		{CAFC4E2D-7555-416D-AA74-2399676A4E86}.Debug|Any CPU.Build.0 = Debug|Any CPU
		{CAFC4E2D-7555-416D-AA74-2399676A4E86}.Debug|x86.ActiveCfg = Debug|Any CPU
		{CAFC4E2D-7555-416D-AA74-2399676A4E86}.Release|Any CPU.ActiveCfg = Release|Any CPU
		{CAFC4E2D-7555-416D-AA74-2399676A4E86}.Release|Any CPU.Build.0 = Release|Any CPU
		{CAFC4E2D-7555-416D-AA74-2399676A4E86}.Release|x86.ActiveCfg = Release|Any CPU
		{CFF3DDAB-E444-4A73-AAB2-BEE66EA510CC}.Debug|Any CPU.ActiveCfg = Debug|Any CPU
		{CFF3DDAB-E444-4A73-AAB2-BEE66EA510CC}.Debug|Any CPU.Build.0 = Debug|Any CPU
		{CFF3DDAB-E444-4A73-AAB2-BEE66EA510CC}.Debug|x86.ActiveCfg = Debug|Any CPU
		{CFF3DDAB-E444-4A73-AAB2-BEE66EA510CC}.Release|Any CPU.ActiveCfg = Release|Any CPU
		{CFF3DDAB-E444-4A73-AAB2-BEE66EA510CC}.Release|Any CPU.Build.0 = Release|Any CPU
		{CFF3DDAB-E444-4A73-AAB2-BEE66EA510CC}.Release|x86.ActiveCfg = Release|Any CPU
		{696B2B7F-D5F6-47AE-8113-C0CD27FAD21E}.Debug|Any CPU.ActiveCfg = Debug|Any CPU
		{696B2B7F-D5F6-47AE-8113-C0CD27FAD21E}.Debug|Any CPU.Build.0 = Debug|Any CPU
		{696B2B7F-D5F6-47AE-8113-C0CD27FAD21E}.Debug|x86.ActiveCfg = Debug|Any CPU
		{696B2B7F-D5F6-47AE-8113-C0CD27FAD21E}.Release|Any CPU.ActiveCfg = Release|Any CPU
		{696B2B7F-D5F6-47AE-8113-C0CD27FAD21E}.Release|Any CPU.Build.0 = Release|Any CPU
		{696B2B7F-D5F6-47AE-8113-C0CD27FAD21E}.Release|x86.ActiveCfg = Release|Any CPU
		{95CB7353-995B-4B82-8DFF-41C0133FFF78}.Debug|Any CPU.ActiveCfg = Debug|Any CPU
		{95CB7353-995B-4B82-8DFF-41C0133FFF78}.Debug|Any CPU.Build.0 = Debug|Any CPU
		{95CB7353-995B-4B82-8DFF-41C0133FFF78}.Debug|x86.ActiveCfg = Debug|Any CPU
		{95CB7353-995B-4B82-8DFF-41C0133FFF78}.Release|Any CPU.ActiveCfg = Release|Any CPU
		{95CB7353-995B-4B82-8DFF-41C0133FFF78}.Release|Any CPU.Build.0 = Release|Any CPU
		{95CB7353-995B-4B82-8DFF-41C0133FFF78}.Release|x86.ActiveCfg = Release|Any CPU
		{50E36C13-A3DE-4638-BE87-E5E254EEC386}.Debug|Any CPU.ActiveCfg = Debug|Any CPU
		{50E36C13-A3DE-4638-BE87-E5E254EEC386}.Debug|Any CPU.Build.0 = Debug|Any CPU
		{50E36C13-A3DE-4638-BE87-E5E254EEC386}.Debug|x86.ActiveCfg = Debug|Any CPU
		{50E36C13-A3DE-4638-BE87-E5E254EEC386}.Debug|x86.Build.0 = Debug|Any CPU
		{50E36C13-A3DE-4638-BE87-E5E254EEC386}.Release|Any CPU.ActiveCfg = Release|Any CPU
		{50E36C13-A3DE-4638-BE87-E5E254EEC386}.Release|Any CPU.Build.0 = Release|Any CPU
		{50E36C13-A3DE-4638-BE87-E5E254EEC386}.Release|x86.ActiveCfg = Release|Any CPU
		{50E36C13-A3DE-4638-BE87-E5E254EEC386}.Release|x86.Build.0 = Release|Any CPU
		{B77F9A60-ECD4-46AE-9444-49CC654A173A}.Debug|Any CPU.ActiveCfg = Debug|Any CPU
		{B77F9A60-ECD4-46AE-9444-49CC654A173A}.Debug|Any CPU.Build.0 = Debug|Any CPU
		{B77F9A60-ECD4-46AE-9444-49CC654A173A}.Debug|x86.ActiveCfg = Debug|Any CPU
		{B77F9A60-ECD4-46AE-9444-49CC654A173A}.Release|Any CPU.ActiveCfg = Release|Any CPU
		{B77F9A60-ECD4-46AE-9444-49CC654A173A}.Release|Any CPU.Build.0 = Release|Any CPU
		{B77F9A60-ECD4-46AE-9444-49CC654A173A}.Release|x86.ActiveCfg = Release|Any CPU
	EndGlobalSection
	GlobalSection(SolutionProperties) = preSolution
		HideSolutionNode = FALSE
	EndGlobalSection
EndGlobal
