
Microsoft Visual Studio Solution File, Format Version 12.00
# Visual Studio 2013
VisualStudioVersion = 12.0.40629.0
MinimumVisualStudioVersion = 10.0.40219.1
Project("{FAE04EC0-301F-11D3-BF4B-00C04F79EFBC}") = "dp2MServer", "dp2MServer\dp2MServer.csproj", "{946F6F11-C4F6-4370-894B-4907D5A2008F}"
EndProject
Project("{FAE04EC0-301F-11D3-BF4B-00C04F79EFBC}") = "MessageWeb", "MessageWeb\MessageWeb.csproj", "{519A6EEB-F873-4410-AD01-85C179DE08F7}"
EndProject
Project("{FAE04EC0-301F-11D3-BF4B-00C04F79EFBC}") = "DigitalPlatform.MessageServer", "DigitalPlatform.MessageServer\DigitalPlatform.MessageServer.csproj", "{9565E12A-5D62-4EB1-A265-0559B9D46334}"
EndProject
Project("{FAE04EC0-301F-11D3-BF4B-00C04F79EFBC}") = "DigitalPlatform.MessageClient", "DigitalPlatform.MessageClient\DigitalPlatform.MessageClient.csproj", "{E4B339D9-4843-40F1-A404-33043ADCD6A3}"
EndProject
Project("{FAE04EC0-301F-11D3-BF4B-00C04F79EFBC}") = "DigitalPlatform.Message", "DigitalPlatform.Message\DigitalPlatform.Message.csproj", "{2FBB1294-0814-447D-B8C6-77E206417231}"
EndProject
Project("{FAE04EC0-301F-11D3-BF4B-00C04F79EFBC}") = "TestClient1", "TestClient1\TestClient1.csproj", "{E985D9C5-30BD-4D12-96C2-220839DFEF0A}"
EndProject
Project("{FAE04EC0-301F-11D3-BF4B-00C04F79EFBC}") = "DigitalPlatform.Xml", "DigitalPlatform.Xml\DigitalPlatform.Xml.csproj", "{A62F763A-96EE-43AD-80C5-9CE57ECFEAF4}"
EndProject
Project("{FAE04EC0-301F-11D3-BF4B-00C04F79EFBC}") = "DigitalPlatform.Forms", "DigitalPlatform.Forms\DigitalPlatform.Forms.csproj", "{2DD0618D-C554-46D0-91A2-353F2F8EA2F2}"
EndProject
Project("{FAE04EC0-301F-11D3-BF4B-00C04F79EFBC}") = "DigitalPlatform.Text", "DigitalPlatform.Text\DigitalPlatform.Text.csproj", "{EEB5253B-AB62-4D06-896E-8F17E3FFD215}"
EndProject
Global
	GlobalSection(SolutionConfigurationPlatforms) = preSolution
		Debug|Any CPU = Debug|Any CPU
		Release|Any CPU = Release|Any CPU
	EndGlobalSection
	GlobalSection(ProjectConfigurationPlatforms) = postSolution
		{946F6F11-C4F6-4370-894B-4907D5A2008F}.Debug|Any CPU.ActiveCfg = Debug|Any CPU
		{946F6F11-C4F6-4370-894B-4907D5A2008F}.Debug|Any CPU.Build.0 = Debug|Any CPU
		{946F6F11-C4F6-4370-894B-4907D5A2008F}.Release|Any CPU.ActiveCfg = Release|Any CPU
		{946F6F11-C4F6-4370-894B-4907D5A2008F}.Release|Any CPU.Build.0 = Release|Any CPU
		{519A6EEB-F873-4410-AD01-85C179DE08F7}.Debug|Any CPU.ActiveCfg = Debug|Any CPU
		{519A6EEB-F873-4410-AD01-85C179DE08F7}.Debug|Any CPU.Build.0 = Debug|Any CPU
		{519A6EEB-F873-4410-AD01-85C179DE08F7}.Release|Any CPU.ActiveCfg = Release|Any CPU
		{519A6EEB-F873-4410-AD01-85C179DE08F7}.Release|Any CPU.Build.0 = Release|Any CPU
		{9565E12A-5D62-4EB1-A265-0559B9D46334}.Debug|Any CPU.ActiveCfg = Debug|Any CPU
		{9565E12A-5D62-4EB1-A265-0559B9D46334}.Debug|Any CPU.Build.0 = Debug|Any CPU
		{9565E12A-5D62-4EB1-A265-0559B9D46334}.Release|Any CPU.ActiveCfg = Release|Any CPU
		{9565E12A-5D62-4EB1-A265-0559B9D46334}.Release|Any CPU.Build.0 = Release|Any CPU
		{E4B339D9-4843-40F1-A404-33043ADCD6A3}.Debug|Any CPU.ActiveCfg = Debug|Any CPU
		{E4B339D9-4843-40F1-A404-33043ADCD6A3}.Debug|Any CPU.Build.0 = Debug|Any CPU
		{E4B339D9-4843-40F1-A404-33043ADCD6A3}.Release|Any CPU.ActiveCfg = Release|Any CPU
		{E4B339D9-4843-40F1-A404-33043ADCD6A3}.Release|Any CPU.Build.0 = Release|Any CPU
		{2FBB1294-0814-447D-B8C6-77E206417231}.Debug|Any CPU.ActiveCfg = Debug|Any CPU
		{2FBB1294-0814-447D-B8C6-77E206417231}.Debug|Any CPU.Build.0 = Debug|Any CPU
		{2FBB1294-0814-447D-B8C6-77E206417231}.Release|Any CPU.ActiveCfg = Release|Any CPU
		{2FBB1294-0814-447D-B8C6-77E206417231}.Release|Any CPU.Build.0 = Release|Any CPU
		{E985D9C5-30BD-4D12-96C2-220839DFEF0A}.Debug|Any CPU.ActiveCfg = Debug|Any CPU
		{E985D9C5-30BD-4D12-96C2-220839DFEF0A}.Debug|Any CPU.Build.0 = Debug|Any CPU
		{E985D9C5-30BD-4D12-96C2-220839DFEF0A}.Release|Any CPU.ActiveCfg = Release|Any CPU
		{E985D9C5-30BD-4D12-96C2-220839DFEF0A}.Release|Any CPU.Build.0 = Release|Any CPU
		{A62F763A-96EE-43AD-80C5-9CE57ECFEAF4}.Debug|Any CPU.ActiveCfg = Debug|Any CPU
		{A62F763A-96EE-43AD-80C5-9CE57ECFEAF4}.Debug|Any CPU.Build.0 = Debug|Any CPU
		{A62F763A-96EE-43AD-80C5-9CE57ECFEAF4}.Release|Any CPU.ActiveCfg = Release|Any CPU
		{A62F763A-96EE-43AD-80C5-9CE57ECFEAF4}.Release|Any CPU.Build.0 = Release|Any CPU
		{2DD0618D-C554-46D0-91A2-353F2F8EA2F2}.Debug|Any CPU.ActiveCfg = Debug|Any CPU
		{2DD0618D-C554-46D0-91A2-353F2F8EA2F2}.Debug|Any CPU.Build.0 = Debug|Any CPU
		{2DD0618D-C554-46D0-91A2-353F2F8EA2F2}.Release|Any CPU.ActiveCfg = Release|Any CPU
		{2DD0618D-C554-46D0-91A2-353F2F8EA2F2}.Release|Any CPU.Build.0 = Release|Any CPU
		{EEB5253B-AB62-4D06-896E-8F17E3FFD215}.Debug|Any CPU.ActiveCfg = Debug|Any CPU
		{EEB5253B-AB62-4D06-896E-8F17E3FFD215}.Debug|Any CPU.Build.0 = Debug|Any CPU
		{EEB5253B-AB62-4D06-896E-8F17E3FFD215}.Release|Any CPU.ActiveCfg = Release|Any CPU
		{EEB5253B-AB62-4D06-896E-8F17E3FFD215}.Release|Any CPU.Build.0 = Release|Any CPU
	EndGlobalSection
	GlobalSection(SolutionProperties) = preSolution
		HideSolutionNode = FALSE
	EndGlobalSection
EndGlobal
